// !$*UTF8*$!
{
	archiveVersion = 1;
	classes = {
	};
	objectVersion = 46;
	objects = {

/* Begin PBXBuildFile section */
		60020D38139E5F2A00D4A332 /* ApiParameter.m in Sources */ = {isa = PBXBuildFile; fileRef = 60020D34139E5F2A00D4A332 /* ApiParameter.m */; };
		60030ECA138E49C800692DDB /* ApiTesterAppDelegate.m in Sources */ = {isa = PBXBuildFile; fileRef = 60030EC7138E49C800692DDB /* ApiTesterAppDelegate.m */; };
		60030ECB138E49C800692DDB /* ProviderViewController.m in Sources */ = {isa = PBXBuildFile; fileRef = 60030EC9138E49C800692DDB /* ProviderViewController.m */; };
		60030EF2138E652100692DDB /* Base64Transcoder.c in Sources */ = {isa = PBXBuildFile; fileRef = 60030ED6138E652100692DDB /* Base64Transcoder.c */; };
		60030EF3138E652100692DDB /* NSMutableURLRequest+Parameters.m in Sources */ = {isa = PBXBuildFile; fileRef = 60030ED9138E652100692DDB /* NSMutableURLRequest+Parameters.m */; };
		60030EF4138E652100692DDB /* NSString+URLEncoding.m in Sources */ = {isa = PBXBuildFile; fileRef = 60030EDB138E652100692DDB /* NSString+URLEncoding.m */; };
		60030EF5138E652100692DDB /* NSURL+Base.m in Sources */ = {isa = PBXBuildFile; fileRef = 60030EDD138E652100692DDB /* NSURL+Base.m */; };
		60030EF6138E652100692DDB /* OAAsynchronousDataFetcher.m in Sources */ = {isa = PBXBuildFile; fileRef = 60030EDF138E652100692DDB /* OAAsynchronousDataFetcher.m */; };
		60030EF7138E652100692DDB /* OAConsumer.m in Sources */ = {isa = PBXBuildFile; fileRef = 60030EE1138E652100692DDB /* OAConsumer.m */; };
		60030EF8138E652100692DDB /* OADataFetcher.m in Sources */ = {isa = PBXBuildFile; fileRef = 60030EE3138E652100692DDB /* OADataFetcher.m */; };
		60030EF9138E652100692DDB /* OAHMAC_SHA1SignatureProvider.m in Sources */ = {isa = PBXBuildFile; fileRef = 60030EE5138E652100692DDB /* OAHMAC_SHA1SignatureProvider.m */; };
		60030EFA138E652100692DDB /* OAMutableURLRequest.m in Sources */ = {isa = PBXBuildFile; fileRef = 60030EE7138E652100692DDB /* OAMutableURLRequest.m */; };
		60030EFB138E652100692DDB /* OAPlaintextSignatureProvider.m in Sources */ = {isa = PBXBuildFile; fileRef = 60030EE9138E652100692DDB /* OAPlaintextSignatureProvider.m */; };
		60030EFC138E652100692DDB /* OARequestParameter.m in Sources */ = {isa = PBXBuildFile; fileRef = 60030EEB138E652100692DDB /* OARequestParameter.m */; };
		60030EFD138E652100692DDB /* OAServiceTicket.m in Sources */ = {isa = PBXBuildFile; fileRef = 60030EED138E652100692DDB /* OAServiceTicket.m */; };
		60030EFE138E652100692DDB /* OAToken.m in Sources */ = {isa = PBXBuildFile; fileRef = 60030EF0138E652100692DDB /* OAToken.m */; };
		601B3DDE1393917600FEFF49 /* AuthorizeWebViewController.m in Sources */ = {isa = PBXBuildFile; fileRef = 601B3DDC1393917600FEFF49 /* AuthorizeWebViewController.m */; };
		601B3DE61393921D00FEFF49 /* ApiListViewController.m in Sources */ = {isa = PBXBuildFile; fileRef = 601B3DE41393921D00FEFF49 /* ApiListViewController.m */; };
		6027C323138D415100486667 /* Security.framework in Frameworks */ = {isa = PBXBuildFile; fileRef = 6027C322138D415100486667 /* Security.framework */; };
		60412F50139F835300403376 /* ApiTester.sqlite in Resources */ = {isa = PBXBuildFile; fileRef = 60412F4F139F835300403376 /* ApiTester.sqlite */; };
		60412F60139FB7F200403376 /* AuthorizeGithubViewController.xib in Resources */ = {isa = PBXBuildFile; fileRef = 60412F5C139FB7F200403376 /* AuthorizeGithubViewController.xib */; };
		60412F61139FB7F200403376 /* AuthorizeWebViewController.xib in Resources */ = {isa = PBXBuildFile; fileRef = 60412F5D139FB7F200403376 /* AuthorizeWebViewController.xib */; };
		60412F62139FB7F200403376 /* MainWindow.xib in Resources */ = {isa = PBXBuildFile; fileRef = 60412F5E139FB7F200403376 /* MainWindow.xib */; };
		60412F67139FB83D00403376 /* linkedin.png in Resources */ = {isa = PBXBuildFile; fileRef = 60412F63139FB83D00403376 /* linkedin.png */; };
		60412F68139FB83D00403376 /* octocat.png in Resources */ = {isa = PBXBuildFile; fileRef = 60412F64139FB83D00403376 /* octocat.png */; };
		60412F69139FB83D00403376 /* sina.png in Resources */ = {isa = PBXBuildFile; fileRef = 60412F65139FB83D00403376 /* sina.png */; };
		60412F6A139FB83D00403376 /* tencent.png in Resources */ = {isa = PBXBuildFile; fileRef = 60412F66139FB83D00403376 /* tencent.png */; };
		60412F6C139FB85800403376 /* facebook.png in Resources */ = {isa = PBXBuildFile; fileRef = 60412F6B139FB85800403376 /* facebook.png */; };
		60412F6E139FB86100403376 /* twitter.png in Resources */ = {isa = PBXBuildFile; fileRef = 60412F6D139FB86100403376 /* twitter.png */; };
		607323FE13A5CC0D00536C11 /* JeansLiteCell.png in Resources */ = {isa = PBXBuildFile; fileRef = 607323FD13A5CC0D00536C11 /* JeansLiteCell.png */; };
		6099438213A1E22E007EA2C7 /* Api.m in Sources */ = {isa = PBXBuildFile; fileRef = 6099438113A1E22E007EA2C7 /* Api.m */; };
		60DE292513A5B242001E9D6D /* MetalDarkCell.png in Resources */ = {isa = PBXBuildFile; fileRef = 60DE292413A5B242001E9D6D /* MetalDarkCell.png */; };
		60DE292713A5B495001E9D6D /* JeansDarkCell.png in Resources */ = {isa = PBXBuildFile; fileRef = 60DE292613A5B495001E9D6D /* JeansDarkCell.png */; };
		60DE292913A5B586001E9D6D /* MetalLiteCell.png in Resources */ = {isa = PBXBuildFile; fileRef = 60DE292813A5B586001E9D6D /* MetalLiteCell.png */; };
		60E47ACF13A0514F00A674BB /* Provider.m in Sources */ = {isa = PBXBuildFile; fileRef = 60E47ACE13A0514F00A674BB /* Provider.m */; };
		60E5531B1398B14700D3A55E /* Facebook.m in Sources */ = {isa = PBXBuildFile; fileRef = 60E553001398B14700D3A55E /* Facebook.m */; };
		60E5531C1398B14700D3A55E /* FBDialog.bundle in Resources */ = {isa = PBXBuildFile; fileRef = 60E553031398B14700D3A55E /* FBDialog.bundle */; };
		60E5531D1398B14700D3A55E /* FBDialog.m in Sources */ = {isa = PBXBuildFile; fileRef = 60E553051398B14700D3A55E /* FBDialog.m */; };
		60E5531E1398B14700D3A55E /* FBLoginDialog.m in Sources */ = {isa = PBXBuildFile; fileRef = 60E553071398B14700D3A55E /* FBLoginDialog.m */; };
		60E5531F1398B14700D3A55E /* FBRequest.m in Sources */ = {isa = PBXBuildFile; fileRef = 60E553091398B14700D3A55E /* FBRequest.m */; };
		60E553201398B14700D3A55E /* NSObject+SBJSON.m in Sources */ = {isa = PBXBuildFile; fileRef = 60E5530D1398B14700D3A55E /* NSObject+SBJSON.m */; };
		60E553211398B14700D3A55E /* NSString+SBJSON.m in Sources */ = {isa = PBXBuildFile; fileRef = 60E5530F1398B14700D3A55E /* NSString+SBJSON.m */; };
		60E553221398B14700D3A55E /* SBJSON.m in Sources */ = {isa = PBXBuildFile; fileRef = 60E553111398B14700D3A55E /* SBJSON.m */; };
		60E553231398B14700D3A55E /* SBJsonBase.m in Sources */ = {isa = PBXBuildFile; fileRef = 60E553131398B14700D3A55E /* SBJsonBase.m */; };
		60E553241398B14700D3A55E /* SBJsonParser.m in Sources */ = {isa = PBXBuildFile; fileRef = 60E553151398B14700D3A55E /* SBJsonParser.m */; };
		60E553251398B14700D3A55E /* SBJsonWriter.m in Sources */ = {isa = PBXBuildFile; fileRef = 60E553171398B14700D3A55E /* SBJsonWriter.m */; };
		60E5532D1398C5E700D3A55E /* AuthorizeGithubViewController.m in Sources */ = {isa = PBXBuildFile; fileRef = 60E5532B1398C5E700D3A55E /* AuthorizeGithubViewController.m */; };
		60EA8D1E13A706E300D997DF /* ApiListViewController.xib in Resources */ = {isa = PBXBuildFile; fileRef = 60EA8D1D13A706E300D997DF /* ApiListViewController.xib */; };
		60EA8D2913A70D4200D997DF /* ApiParameterCell.m in Sources */ = {isa = PBXBuildFile; fileRef = 60EA8D2813A70D4200D997DF /* ApiParameterCell.m */; };
		60EA8D2D13A70E2600D997DF /* ApiParameterCell.xib in Resources */ = {isa = PBXBuildFile; fileRef = 60EA8D2C13A70E2600D997DF /* ApiParameterCell.xib */; };
		60EA8D3413A710B500D997DF /* ApiViewController.m in Sources */ = {isa = PBXBuildFile; fileRef = 60EA8D3213A710B500D997DF /* ApiViewController.m */; };
		60EA8D3713A7111500D997DF /* ApiViewController.xib in Resources */ = {isa = PBXBuildFile; fileRef = 60EA8D3613A7111500D997DF /* ApiViewController.xib */; };
		60EA8D3A13A713FF00D997DF /* ApiResultCell.m in Sources */ = {isa = PBXBuildFile; fileRef = 60EA8D3913A713FF00D997DF /* ApiResultCell.m */; };
		60EA8D3C13A7142E00D997DF /* ApiResultCell.xib in Resources */ = {isa = PBXBuildFile; fileRef = 60EA8D3B13A7142E00D997DF /* ApiResultCell.xib */; };
		60F55E731397858600631D29 /* ATTencentMutableURLRequest.m in Sources */ = {isa = PBXBuildFile; fileRef = 60F55E721397858600631D29 /* ATTencentMutableURLRequest.m */; };
		60F967B5138B98BD009F7BCF /* UIKit.framework in Frameworks */ = {isa = PBXBuildFile; fileRef = 60F967B4138B98BD009F7BCF /* UIKit.framework */; };
		60F967B7138B98BD009F7BCF /* Foundation.framework in Frameworks */ = {isa = PBXBuildFile; fileRef = 60F967B6138B98BD009F7BCF /* Foundation.framework */; };
		60F967B9138B98BD009F7BCF /* CoreGraphics.framework in Frameworks */ = {isa = PBXBuildFile; fileRef = 60F967B8138B98BD009F7BCF /* CoreGraphics.framework */; };
		60F967BB138B98BD009F7BCF /* CoreData.framework in Frameworks */ = {isa = PBXBuildFile; fileRef = 60F967BA138B98BD009F7BCF /* CoreData.framework */; };
		60F967C1138B98BD009F7BCF /* InfoPlist.strings in Resources */ = {isa = PBXBuildFile; fileRef = 60F967BF138B98BD009F7BCF /* InfoPlist.strings */; };
		60F967C4138B98BD009F7BCF /* main.m in Sources */ = {isa = PBXBuildFile; fileRef = 60F967C3138B98BD009F7BCF /* main.m */; };
		60F967CD138B98BD009F7BCF /* ApiTester.xcdatamodeld in Sources */ = {isa = PBXBuildFile; fileRef = 60F967CB138B98BD009F7BCF /* ApiTester.xcdatamodeld */; };
		60FE81941394891200241246 /* ATModalAlert.m in Sources */ = {isa = PBXBuildFile; fileRef = 60FE81931394891200241246 /* ATModalAlert.m */; };
/* End PBXBuildFile section */

/* Begin PBXContainerItemProxy section */
		60E553271398B14700D3A55E /* PBXContainerItemProxy */ = {
			isa = PBXContainerItemProxy;
			containerPortal = 60E552FC1398B14700D3A55E /* facebook-ios-sdk.xcodeproj */;
			proxyType = 2;
			remoteGlobalIDString = D2AAC07E0554694100DB518D;
			remoteInfo = "facebook-ios-sdk";
		};
/* End PBXContainerItemProxy section */

/* Begin PBXFileReference section */
		60020D33139E5F2A00D4A332 /* ApiParameter.h */ = {isa = PBXFileReference; fileEncoding = 4; lastKnownFileType = sourcecode.c.h; path = ApiParameter.h; sourceTree = "<group>"; };
		60020D34139E5F2A00D4A332 /* ApiParameter.m */ = {isa = PBXFileReference; fileEncoding = 4; lastKnownFileType = sourcecode.c.objc; path = ApiParameter.m; sourceTree = "<group>"; };
		60030EC6138E49C800692DDB /* ApiTesterAppDelegate.h */ = {isa = PBXFileReference; fileEncoding = 4; lastKnownFileType = sourcecode.c.h; path = ApiTesterAppDelegate.h; sourceTree = "<group>"; };
		60030EC7138E49C800692DDB /* ApiTesterAppDelegate.m */ = {isa = PBXFileReference; fileEncoding = 4; lastKnownFileType = sourcecode.c.objc; path = ApiTesterAppDelegate.m; sourceTree = "<group>"; };
		60030EC8138E49C800692DDB /* ProviderViewController.h */ = {isa = PBXFileReference; fileEncoding = 4; lastKnownFileType = sourcecode.c.h; path = ProviderViewController.h; sourceTree = "<group>"; };
		60030EC9138E49C800692DDB /* ProviderViewController.m */ = {isa = PBXFileReference; fileEncoding = 4; lastKnownFileType = sourcecode.c.objc; path = ProviderViewController.m; sourceTree = "<group>"; };
		60030ED6138E652100692DDB /* Base64Transcoder.c */ = {isa = PBXFileReference; fileEncoding = 4; lastKnownFileType = sourcecode.c.c; path = Base64Transcoder.c; sourceTree = "<group>"; };
		60030ED7138E652100692DDB /* Base64Transcoder.h */ = {isa = PBXFileReference; fileEncoding = 4; lastKnownFileType = sourcecode.c.h; path = Base64Transcoder.h; sourceTree = "<group>"; };
		60030ED8138E652100692DDB /* NSMutableURLRequest+Parameters.h */ = {isa = PBXFileReference; fileEncoding = 4; lastKnownFileType = sourcecode.c.h; name = "NSMutableURLRequest+Parameters.h"; path = "Classes/External/OAuthConsumer/NSMutableURLRequest+Parameters.h"; sourceTree = "<group>"; };
		60030ED9138E652100692DDB /* NSMutableURLRequest+Parameters.m */ = {isa = PBXFileReference; fileEncoding = 4; lastKnownFileType = sourcecode.c.objc; name = "NSMutableURLRequest+Parameters.m"; path = "Classes/External/OAuthConsumer/NSMutableURLRequest+Parameters.m"; sourceTree = "<group>"; };
		60030EDA138E652100692DDB /* NSString+URLEncoding.h */ = {isa = PBXFileReference; fileEncoding = 4; lastKnownFileType = sourcecode.c.h; name = "NSString+URLEncoding.h"; path = "Classes/External/OAuthConsumer/NSString+URLEncoding.h"; sourceTree = "<group>"; };
		60030EDB138E652100692DDB /* NSString+URLEncoding.m */ = {isa = PBXFileReference; fileEncoding = 4; lastKnownFileType = sourcecode.c.objc; name = "NSString+URLEncoding.m"; path = "Classes/External/OAuthConsumer/NSString+URLEncoding.m"; sourceTree = "<group>"; };
		60030EDC138E652100692DDB /* NSURL+Base.h */ = {isa = PBXFileReference; fileEncoding = 4; lastKnownFileType = sourcecode.c.h; name = "NSURL+Base.h"; path = "Classes/External/OAuthConsumer/NSURL+Base.h"; sourceTree = "<group>"; };
		60030EDD138E652100692DDB /* NSURL+Base.m */ = {isa = PBXFileReference; fileEncoding = 4; lastKnownFileType = sourcecode.c.objc; name = "NSURL+Base.m"; path = "Classes/External/OAuthConsumer/NSURL+Base.m"; sourceTree = "<group>"; };
		60030EDE138E652100692DDB /* OAAsynchronousDataFetcher.h */ = {isa = PBXFileReference; fileEncoding = 4; lastKnownFileType = sourcecode.c.h; name = OAAsynchronousDataFetcher.h; path = Classes/External/OAuthConsumer/OAAsynchronousDataFetcher.h; sourceTree = "<group>"; };
		60030EDF138E652100692DDB /* OAAsynchronousDataFetcher.m */ = {isa = PBXFileReference; fileEncoding = 4; lastKnownFileType = sourcecode.c.objc; name = OAAsynchronousDataFetcher.m; path = Classes/External/OAuthConsumer/OAAsynchronousDataFetcher.m; sourceTree = "<group>"; };
		60030EE0138E652100692DDB /* OAConsumer.h */ = {isa = PBXFileReference; fileEncoding = 4; lastKnownFileType = sourcecode.c.h; name = OAConsumer.h; path = Classes/External/OAuthConsumer/OAConsumer.h; sourceTree = "<group>"; };
		60030EE1138E652100692DDB /* OAConsumer.m */ = {isa = PBXFileReference; fileEncoding = 4; lastKnownFileType = sourcecode.c.objc; name = OAConsumer.m; path = Classes/External/OAuthConsumer/OAConsumer.m; sourceTree = "<group>"; };
		60030EE2138E652100692DDB /* OADataFetcher.h */ = {isa = PBXFileReference; fileEncoding = 4; lastKnownFileType = sourcecode.c.h; name = OADataFetcher.h; path = Classes/External/OAuthConsumer/OADataFetcher.h; sourceTree = "<group>"; };
		60030EE3138E652100692DDB /* OADataFetcher.m */ = {isa = PBXFileReference; fileEncoding = 4; lastKnownFileType = sourcecode.c.objc; name = OADataFetcher.m; path = Classes/External/OAuthConsumer/OADataFetcher.m; sourceTree = "<group>"; };
		60030EE4138E652100692DDB /* OAHMAC_SHA1SignatureProvider.h */ = {isa = PBXFileReference; fileEncoding = 4; lastKnownFileType = sourcecode.c.h; name = OAHMAC_SHA1SignatureProvider.h; path = Classes/External/OAuthConsumer/OAHMAC_SHA1SignatureProvider.h; sourceTree = "<group>"; };
		60030EE5138E652100692DDB /* OAHMAC_SHA1SignatureProvider.m */ = {isa = PBXFileReference; fileEncoding = 4; lastKnownFileType = sourcecode.c.objc; name = OAHMAC_SHA1SignatureProvider.m; path = Classes/External/OAuthConsumer/OAHMAC_SHA1SignatureProvider.m; sourceTree = "<group>"; };
		60030EE6138E652100692DDB /* OAMutableURLRequest.h */ = {isa = PBXFileReference; fileEncoding = 4; lastKnownFileType = sourcecode.c.h; name = OAMutableURLRequest.h; path = Classes/External/OAuthConsumer/OAMutableURLRequest.h; sourceTree = "<group>"; };
		60030EE7138E652100692DDB /* OAMutableURLRequest.m */ = {isa = PBXFileReference; fileEncoding = 4; lastKnownFileType = sourcecode.c.objc; name = OAMutableURLRequest.m; path = Classes/External/OAuthConsumer/OAMutableURLRequest.m; sourceTree = "<group>"; };
		60030EE8138E652100692DDB /* OAPlaintextSignatureProvider.h */ = {isa = PBXFileReference; fileEncoding = 4; lastKnownFileType = sourcecode.c.h; name = OAPlaintextSignatureProvider.h; path = Classes/External/OAuthConsumer/OAPlaintextSignatureProvider.h; sourceTree = "<group>"; };
		60030EE9138E652100692DDB /* OAPlaintextSignatureProvider.m */ = {isa = PBXFileReference; fileEncoding = 4; lastKnownFileType = sourcecode.c.objc; name = OAPlaintextSignatureProvider.m; path = Classes/External/OAuthConsumer/OAPlaintextSignatureProvider.m; sourceTree = "<group>"; };
		60030EEA138E652100692DDB /* OARequestParameter.h */ = {isa = PBXFileReference; fileEncoding = 4; lastKnownFileType = sourcecode.c.h; name = OARequestParameter.h; path = Classes/External/OAuthConsumer/OARequestParameter.h; sourceTree = "<group>"; };
		60030EEB138E652100692DDB /* OARequestParameter.m */ = {isa = PBXFileReference; fileEncoding = 4; lastKnownFileType = sourcecode.c.objc; name = OARequestParameter.m; path = Classes/External/OAuthConsumer/OARequestParameter.m; sourceTree = "<group>"; };
		60030EEC138E652100692DDB /* OAServiceTicket.h */ = {isa = PBXFileReference; fileEncoding = 4; lastKnownFileType = sourcecode.c.h; name = OAServiceTicket.h; path = Classes/External/OAuthConsumer/OAServiceTicket.h; sourceTree = "<group>"; };
		60030EED138E652100692DDB /* OAServiceTicket.m */ = {isa = PBXFileReference; fileEncoding = 4; lastKnownFileType = sourcecode.c.objc; name = OAServiceTicket.m; path = Classes/External/OAuthConsumer/OAServiceTicket.m; sourceTree = "<group>"; };
		60030EEE138E652100692DDB /* OASignatureProviding.h */ = {isa = PBXFileReference; fileEncoding = 4; lastKnownFileType = sourcecode.c.h; name = OASignatureProviding.h; path = Classes/External/OAuthConsumer/OASignatureProviding.h; sourceTree = "<group>"; };
		60030EEF138E652100692DDB /* OAToken.h */ = {isa = PBXFileReference; fileEncoding = 4; lastKnownFileType = sourcecode.c.h; name = OAToken.h; path = Classes/External/OAuthConsumer/OAToken.h; sourceTree = "<group>"; };
		60030EF0138E652100692DDB /* OAToken.m */ = {isa = PBXFileReference; fileEncoding = 4; lastKnownFileType = sourcecode.c.objc; name = OAToken.m; path = Classes/External/OAuthConsumer/OAToken.m; sourceTree = "<group>"; };
		60030EF1138E652100692DDB /* OAuthConsumer.h */ = {isa = PBXFileReference; fileEncoding = 4; lastKnownFileType = sourcecode.c.h; name = OAuthConsumer.h; path = Classes/External/OAuthConsumer/OAuthConsumer.h; sourceTree = "<group>"; };
		601B3DDB1393917600FEFF49 /* AuthorizeWebViewController.h */ = {isa = PBXFileReference; fileEncoding = 4; lastKnownFileType = sourcecode.c.h; path = AuthorizeWebViewController.h; sourceTree = "<group>"; };
		601B3DDC1393917600FEFF49 /* AuthorizeWebViewController.m */ = {isa = PBXFileReference; fileEncoding = 4; lastKnownFileType = sourcecode.c.objc; path = AuthorizeWebViewController.m; sourceTree = "<group>"; };
		601B3DE31393921D00FEFF49 /* ApiListViewController.h */ = {isa = PBXFileReference; fileEncoding = 4; lastKnownFileType = sourcecode.c.h; path = ApiListViewController.h; sourceTree = "<group>"; };
		601B3DE41393921D00FEFF49 /* ApiListViewController.m */ = {isa = PBXFileReference; fileEncoding = 4; lastKnownFileType = sourcecode.c.objc; path = ApiListViewController.m; sourceTree = "<group>"; };
		6027C322138D415100486667 /* Security.framework */ = {isa = PBXFileReference; lastKnownFileType = wrapper.framework; name = Security.framework; path = System/Library/Frameworks/Security.framework; sourceTree = SDKROOT; };
		60412F4F139F835300403376 /* ApiTester.sqlite */ = {isa = PBXFileReference; lastKnownFileType = file; path = ApiTester.sqlite; sourceTree = "<group>"; };
		60412F51139F842E00403376 /* ApiTester.sql */ = {isa = PBXFileReference; fileEncoding = 4; lastKnownFileType = text; path = ApiTester.sql; sourceTree = "<group>"; };
		60412F5C139FB7F200403376 /* AuthorizeGithubViewController.xib */ = {isa = PBXFileReference; fileEncoding = 4; lastKnownFileType = file.xib; name = AuthorizeGithubViewController.xib; path = ApiTester/Resources/IBFiles/AuthorizeGithubViewController.xib; sourceTree = SOURCE_ROOT; };
		60412F5D139FB7F200403376 /* AuthorizeWebViewController.xib */ = {isa = PBXFileReference; fileEncoding = 4; lastKnownFileType = file.xib; name = AuthorizeWebViewController.xib; path = ApiTester/Resources/IBFiles/AuthorizeWebViewController.xib; sourceTree = SOURCE_ROOT; };
		60412F5E139FB7F200403376 /* MainWindow.xib */ = {isa = PBXFileReference; fileEncoding = 4; lastKnownFileType = file.xib; name = MainWindow.xib; path = ApiTester/Resources/IBFiles/MainWindow.xib; sourceTree = SOURCE_ROOT; };
		60412F63139FB83D00403376 /* linkedin.png */ = {isa = PBXFileReference; lastKnownFileType = image.png; name = linkedin.png; path = ApiTester/Resources/Images/linkedin.png; sourceTree = SOURCE_ROOT; };
		60412F64139FB83D00403376 /* octocat.png */ = {isa = PBXFileReference; lastKnownFileType = image.png; name = octocat.png; path = ApiTester/Resources/Images/octocat.png; sourceTree = SOURCE_ROOT; };
		60412F65139FB83D00403376 /* sina.png */ = {isa = PBXFileReference; lastKnownFileType = image.png; name = sina.png; path = ApiTester/Resources/Images/sina.png; sourceTree = SOURCE_ROOT; };
		60412F66139FB83D00403376 /* tencent.png */ = {isa = PBXFileReference; lastKnownFileType = image.png; name = tencent.png; path = ApiTester/Resources/Images/tencent.png; sourceTree = SOURCE_ROOT; };
		60412F6B139FB85800403376 /* facebook.png */ = {isa = PBXFileReference; lastKnownFileType = image.png; name = facebook.png; path = ApiTester/Resources/Images/facebook.png; sourceTree = SOURCE_ROOT; };
		60412F6D139FB86100403376 /* twitter.png */ = {isa = PBXFileReference; lastKnownFileType = image.png; name = twitter.png; path = ApiTester/Resources/Images/twitter.png; sourceTree = SOURCE_ROOT; };
		607323FD13A5CC0D00536C11 /* JeansLiteCell.png */ = {isa = PBXFileReference; lastKnownFileType = image.png; name = JeansLiteCell.png; path = ApiTester/Resources/Images/JeansLiteCell.png; sourceTree = SOURCE_ROOT; };
		6099438013A1E22E007EA2C7 /* Api.h */ = {isa = PBXFileReference; fileEncoding = 4; lastKnownFileType = sourcecode.c.h; path = Api.h; sourceTree = "<group>"; };
		6099438113A1E22E007EA2C7 /* Api.m */ = {isa = PBXFileReference; fileEncoding = 4; lastKnownFileType = sourcecode.c.objc; path = Api.m; sourceTree = "<group>"; };
		60DE292413A5B242001E9D6D /* MetalDarkCell.png */ = {isa = PBXFileReference; lastKnownFileType = image.png; name = MetalDarkCell.png; path = ApiTester/Resources/Images/MetalDarkCell.png; sourceTree = SOURCE_ROOT; };
		60DE292613A5B495001E9D6D /* JeansDarkCell.png */ = {isa = PBXFileReference; lastKnownFileType = image.png; name = JeansDarkCell.png; path = ApiTester/Resources/Images/JeansDarkCell.png; sourceTree = SOURCE_ROOT; };
		60DE292813A5B586001E9D6D /* MetalLiteCell.png */ = {isa = PBXFileReference; lastKnownFileType = image.png; name = MetalLiteCell.png; path = ApiTester/Resources/Images/MetalLiteCell.png; sourceTree = SOURCE_ROOT; };
		60E47ACD13A0514F00A674BB /* Provider.h */ = {isa = PBXFileReference; fileEncoding = 4; lastKnownFileType = sourcecode.c.h; path = Provider.h; sourceTree = "<group>"; };
		60E47ACE13A0514F00A674BB /* Provider.m */ = {isa = PBXFileReference; fileEncoding = 4; lastKnownFileType = sourcecode.c.objc; path = Provider.m; sourceTree = "<group>"; };
		60E552FC1398B14700D3A55E /* facebook-ios-sdk.xcodeproj */ = {isa = PBXFileReference; lastKnownFileType = "wrapper.pb-project"; path = "facebook-ios-sdk.xcodeproj"; sourceTree = "<group>"; };
		60E552FF1398B14700D3A55E /* Facebook.h */ = {isa = PBXFileReference; fileEncoding = 4; lastKnownFileType = sourcecode.c.h; path = Facebook.h; sourceTree = "<group>"; };
		60E553001398B14700D3A55E /* Facebook.m */ = {isa = PBXFileReference; fileEncoding = 4; lastKnownFileType = sourcecode.c.objc; path = Facebook.m; sourceTree = "<group>"; };
		60E553011398B14700D3A55E /* facebook_ios_sdk_Prefix.pch */ = {isa = PBXFileReference; fileEncoding = 4; lastKnownFileType = sourcecode.c.h; path = facebook_ios_sdk_Prefix.pch; sourceTree = "<group>"; };
		60E553021398B14700D3A55E /* FBConnect.h */ = {isa = PBXFileReference; fileEncoding = 4; lastKnownFileType = sourcecode.c.h; path = FBConnect.h; sourceTree = "<group>"; };
		60E553031398B14700D3A55E /* FBDialog.bundle */ = {isa = PBXFileReference; lastKnownFileType = "wrapper.plug-in"; path = FBDialog.bundle; sourceTree = "<group>"; };
		60E553041398B14700D3A55E /* FBDialog.h */ = {isa = PBXFileReference; fileEncoding = 4; lastKnownFileType = sourcecode.c.h; path = FBDialog.h; sourceTree = "<group>"; };
		60E553051398B14700D3A55E /* FBDialog.m */ = {isa = PBXFileReference; fileEncoding = 4; lastKnownFileType = sourcecode.c.objc; path = FBDialog.m; sourceTree = "<group>"; };
		60E553061398B14700D3A55E /* FBLoginDialog.h */ = {isa = PBXFileReference; fileEncoding = 4; lastKnownFileType = sourcecode.c.h; path = FBLoginDialog.h; sourceTree = "<group>"; };
		60E553071398B14700D3A55E /* FBLoginDialog.m */ = {isa = PBXFileReference; fileEncoding = 4; lastKnownFileType = sourcecode.c.objc; path = FBLoginDialog.m; sourceTree = "<group>"; };
		60E553081398B14700D3A55E /* FBRequest.h */ = {isa = PBXFileReference; fileEncoding = 4; lastKnownFileType = sourcecode.c.h; path = FBRequest.h; sourceTree = "<group>"; };
		60E553091398B14700D3A55E /* FBRequest.m */ = {isa = PBXFileReference; fileEncoding = 4; lastKnownFileType = sourcecode.c.objc; path = FBRequest.m; sourceTree = "<group>"; };
		60E5530B1398B14700D3A55E /* JSON.h */ = {isa = PBXFileReference; fileEncoding = 4; lastKnownFileType = sourcecode.c.h; path = JSON.h; sourceTree = "<group>"; };
		60E5530C1398B14700D3A55E /* NSObject+SBJSON.h */ = {isa = PBXFileReference; fileEncoding = 4; lastKnownFileType = sourcecode.c.h; path = "NSObject+SBJSON.h"; sourceTree = "<group>"; };
		60E5530D1398B14700D3A55E /* NSObject+SBJSON.m */ = {isa = PBXFileReference; fileEncoding = 4; lastKnownFileType = sourcecode.c.objc; path = "NSObject+SBJSON.m"; sourceTree = "<group>"; };
		60E5530E1398B14700D3A55E /* NSString+SBJSON.h */ = {isa = PBXFileReference; fileEncoding = 4; lastKnownFileType = sourcecode.c.h; path = "NSString+SBJSON.h"; sourceTree = "<group>"; };
		60E5530F1398B14700D3A55E /* NSString+SBJSON.m */ = {isa = PBXFileReference; fileEncoding = 4; lastKnownFileType = sourcecode.c.objc; path = "NSString+SBJSON.m"; sourceTree = "<group>"; };
		60E553101398B14700D3A55E /* SBJSON.h */ = {isa = PBXFileReference; fileEncoding = 4; lastKnownFileType = sourcecode.c.h; path = SBJSON.h; sourceTree = "<group>"; };
		60E553111398B14700D3A55E /* SBJSON.m */ = {isa = PBXFileReference; fileEncoding = 4; lastKnownFileType = sourcecode.c.objc; path = SBJSON.m; sourceTree = "<group>"; };
		60E553121398B14700D3A55E /* SBJsonBase.h */ = {isa = PBXFileReference; fileEncoding = 4; lastKnownFileType = sourcecode.c.h; path = SBJsonBase.h; sourceTree = "<group>"; };
		60E553131398B14700D3A55E /* SBJsonBase.m */ = {isa = PBXFileReference; fileEncoding = 4; lastKnownFileType = sourcecode.c.objc; path = SBJsonBase.m; sourceTree = "<group>"; };
		60E553141398B14700D3A55E /* SBJsonParser.h */ = {isa = PBXFileReference; fileEncoding = 4; lastKnownFileType = sourcecode.c.h; path = SBJsonParser.h; sourceTree = "<group>"; };
		60E553151398B14700D3A55E /* SBJsonParser.m */ = {isa = PBXFileReference; fileEncoding = 4; lastKnownFileType = sourcecode.c.objc; path = SBJsonParser.m; sourceTree = "<group>"; };
		60E553161398B14700D3A55E /* SBJsonWriter.h */ = {isa = PBXFileReference; fileEncoding = 4; lastKnownFileType = sourcecode.c.h; path = SBJsonWriter.h; sourceTree = "<group>"; };
		60E553171398B14700D3A55E /* SBJsonWriter.m */ = {isa = PBXFileReference; fileEncoding = 4; lastKnownFileType = sourcecode.c.objc; path = SBJsonWriter.m; sourceTree = "<group>"; };
		60E5532A1398C5E700D3A55E /* AuthorizeGithubViewController.h */ = {isa = PBXFileReference; fileEncoding = 4; lastKnownFileType = sourcecode.c.h; path = AuthorizeGithubViewController.h; sourceTree = "<group>"; };
		60E5532B1398C5E700D3A55E /* AuthorizeGithubViewController.m */ = {isa = PBXFileReference; fileEncoding = 4; lastKnownFileType = sourcecode.c.objc; path = AuthorizeGithubViewController.m; sourceTree = "<group>"; };
		60EA8D1D13A706E300D997DF /* ApiListViewController.xib */ = {isa = PBXFileReference; fileEncoding = 4; lastKnownFileType = file.xib; name = ApiListViewController.xib; path = ApiTester/Resources/IBFiles/ApiListViewController.xib; sourceTree = SOURCE_ROOT; };
		60EA8D2713A70D4200D997DF /* ApiParameterCell.h */ = {isa = PBXFileReference; fileEncoding = 4; lastKnownFileType = sourcecode.c.h; path = ApiParameterCell.h; sourceTree = "<group>"; };
		60EA8D2813A70D4200D997DF /* ApiParameterCell.m */ = {isa = PBXFileReference; fileEncoding = 4; lastKnownFileType = sourcecode.c.objc; path = ApiParameterCell.m; sourceTree = "<group>"; };
		60EA8D2C13A70E2600D997DF /* ApiParameterCell.xib */ = {isa = PBXFileReference; fileEncoding = 4; lastKnownFileType = file.xib; name = ApiParameterCell.xib; path = ApiTester/Resources/IBFiles/Cells/ApiParameterCell.xib; sourceTree = SOURCE_ROOT; };
		60EA8D3113A710B500D997DF /* ApiViewController.h */ = {isa = PBXFileReference; fileEncoding = 4; lastKnownFileType = sourcecode.c.h; path = ApiViewController.h; sourceTree = "<group>"; };
		60EA8D3213A710B500D997DF /* ApiViewController.m */ = {isa = PBXFileReference; fileEncoding = 4; lastKnownFileType = sourcecode.c.objc; path = ApiViewController.m; sourceTree = "<group>"; };
		60EA8D3613A7111500D997DF /* ApiViewController.xib */ = {isa = PBXFileReference; fileEncoding = 4; lastKnownFileType = file.xib; name = ApiViewController.xib; path = ApiTester/Resources/IBFiles/ApiViewController.xib; sourceTree = SOURCE_ROOT; };
		60EA8D3813A713FF00D997DF /* ApiResultCell.h */ = {isa = PBXFileReference; fileEncoding = 4; lastKnownFileType = sourcecode.c.h; path = ApiResultCell.h; sourceTree = "<group>"; };
		60EA8D3913A713FF00D997DF /* ApiResultCell.m */ = {isa = PBXFileReference; fileEncoding = 4; lastKnownFileType = sourcecode.c.objc; path = ApiResultCell.m; sourceTree = "<group>"; };
		60EA8D3B13A7142E00D997DF /* ApiResultCell.xib */ = {isa = PBXFileReference; fileEncoding = 4; lastKnownFileType = file.xib; name = ApiResultCell.xib; path = ApiTester/Resources/IBFiles/Cells/ApiResultCell.xib; sourceTree = SOURCE_ROOT; };
		60F55E711397858600631D29 /* ATTencentMutableURLRequest.h */ = {isa = PBXFileReference; fileEncoding = 4; lastKnownFileType = sourcecode.c.h; path = ATTencentMutableURLRequest.h; sourceTree = "<group>"; };
		60F55E721397858600631D29 /* ATTencentMutableURLRequest.m */ = {isa = PBXFileReference; fileEncoding = 4; lastKnownFileType = sourcecode.c.objc; path = ATTencentMutableURLRequest.m; sourceTree = "<group>"; };
		60F967B0138B98BD009F7BCF /* ApiTester.app */ = {isa = PBXFileReference; explicitFileType = wrapper.application; includeInIndex = 0; path = ApiTester.app; sourceTree = BUILT_PRODUCTS_DIR; };
		60F967B4138B98BD009F7BCF /* UIKit.framework */ = {isa = PBXFileReference; lastKnownFileType = wrapper.framework; name = UIKit.framework; path = System/Library/Frameworks/UIKit.framework; sourceTree = SDKROOT; };
		60F967B6138B98BD009F7BCF /* Foundation.framework */ = {isa = PBXFileReference; lastKnownFileType = wrapper.framework; name = Foundation.framework; path = System/Library/Frameworks/Foundation.framework; sourceTree = SDKROOT; };
		60F967B8138B98BD009F7BCF /* CoreGraphics.framework */ = {isa = PBXFileReference; lastKnownFileType = wrapper.framework; name = CoreGraphics.framework; path = System/Library/Frameworks/CoreGraphics.framework; sourceTree = SDKROOT; };
		60F967BA138B98BD009F7BCF /* CoreData.framework */ = {isa = PBXFileReference; lastKnownFileType = wrapper.framework; name = CoreData.framework; path = System/Library/Frameworks/CoreData.framework; sourceTree = SDKROOT; };
		60F967BE138B98BD009F7BCF /* ApiTester-Info.plist */ = {isa = PBXFileReference; lastKnownFileType = text.plist.xml; path = "ApiTester-Info.plist"; sourceTree = "<group>"; };
		60F967C0138B98BD009F7BCF /* en */ = {isa = PBXFileReference; lastKnownFileType = text.plist.strings; name = en; path = en.lproj/InfoPlist.strings; sourceTree = "<group>"; };
		60F967C2138B98BD009F7BCF /* ApiTester-Prefix.pch */ = {isa = PBXFileReference; lastKnownFileType = sourcecode.c.h; path = "ApiTester-Prefix.pch"; sourceTree = "<group>"; };
		60F967C3138B98BD009F7BCF /* main.m */ = {isa = PBXFileReference; lastKnownFileType = sourcecode.c.objc; path = main.m; sourceTree = "<group>"; };
		60F967CC138B98BD009F7BCF /* ApiTester.xcdatamodel */ = {isa = PBXFileReference; lastKnownFileType = wrapper.xcdatamodel; path = ApiTester.xcdatamodel; sourceTree = "<group>"; };
		60FE81921394891200241246 /* ATModalAlert.h */ = {isa = PBXFileReference; fileEncoding = 4; lastKnownFileType = sourcecode.c.h; path = ATModalAlert.h; sourceTree = "<group>"; };
		60FE81931394891200241246 /* ATModalAlert.m */ = {isa = PBXFileReference; fileEncoding = 4; lastKnownFileType = sourcecode.c.objc; path = ATModalAlert.m; sourceTree = "<group>"; };
/* End PBXFileReference section */

/* Begin PBXFrameworksBuildPhase section */
		60F967AD138B98BD009F7BCF /* Frameworks */ = {
			isa = PBXFrameworksBuildPhase;
			buildActionMask = 2147483647;
			files = (
				60F967B5138B98BD009F7BCF /* UIKit.framework in Frameworks */,
				60F967B7138B98BD009F7BCF /* Foundation.framework in Frameworks */,
				6027C323138D415100486667 /* Security.framework in Frameworks */,
				60F967B9138B98BD009F7BCF /* CoreGraphics.framework in Frameworks */,
				60F967BB138B98BD009F7BCF /* CoreData.framework in Frameworks */,
			);
			runOnlyForDeploymentPostprocessing = 0;
		};
/* End PBXFrameworksBuildPhase section */

/* Begin PBXGroup section */
		60030E96138E31A900692DDB /* OAuthConsumer */ = {
			isa = PBXGroup;
			children = (
				60030ED5138E652100692DDB /* Crypto */,
				60030ED8138E652100692DDB /* NSMutableURLRequest+Parameters.h */,
				60030ED9138E652100692DDB /* NSMutableURLRequest+Parameters.m */,
				60030EDA138E652100692DDB /* NSString+URLEncoding.h */,
				60030EDB138E652100692DDB /* NSString+URLEncoding.m */,
				60030EDC138E652100692DDB /* NSURL+Base.h */,
				60030EDD138E652100692DDB /* NSURL+Base.m */,
				60030EDE138E652100692DDB /* OAAsynchronousDataFetcher.h */,
				60030EDF138E652100692DDB /* OAAsynchronousDataFetcher.m */,
				60030EE0138E652100692DDB /* OAConsumer.h */,
				60030EE1138E652100692DDB /* OAConsumer.m */,
				60030EE2138E652100692DDB /* OADataFetcher.h */,
				60030EE3138E652100692DDB /* OADataFetcher.m */,
				60030EE4138E652100692DDB /* OAHMAC_SHA1SignatureProvider.h */,
				60030EE5138E652100692DDB /* OAHMAC_SHA1SignatureProvider.m */,
				60030EE6138E652100692DDB /* OAMutableURLRequest.h */,
				60030EE7138E652100692DDB /* OAMutableURLRequest.m */,
				60030EE8138E652100692DDB /* OAPlaintextSignatureProvider.h */,
				60030EE9138E652100692DDB /* OAPlaintextSignatureProvider.m */,
				60030EEA138E652100692DDB /* OARequestParameter.h */,
				60030EEB138E652100692DDB /* OARequestParameter.m */,
				60030EEC138E652100692DDB /* OAServiceTicket.h */,
				60030EED138E652100692DDB /* OAServiceTicket.m */,
				60030EEE138E652100692DDB /* OASignatureProviding.h */,
				60030EEF138E652100692DDB /* OAToken.h */,
				60030EF0138E652100692DDB /* OAToken.m */,
				60030EF1138E652100692DDB /* OAuthConsumer.h */,
			);
			name = OAuthConsumer;
			sourceTree = "<group>";
		};
		60030ED5138E652100692DDB /* Crypto */ = {
			isa = PBXGroup;
			children = (
				60030ED6138E652100692DDB /* Base64Transcoder.c */,
				60030ED7138E652100692DDB /* Base64Transcoder.h */,
			);
			name = Crypto;
			path = Classes/External/OAuthConsumer/Crypto;
			sourceTree = "<group>";
		};
		6027C2FD138CA3D800486667 /* Domain */ = {
			isa = PBXGroup;
			children = (
				60CC96FA139D15C20081ABB8 /* Entity */,
				60F55E6F1397854600631D29 /* Tencent */,
			);
			name = Domain;
			path = Classes/Domain;
			sourceTree = "<group>";
		};
		60CC96FA139D15C20081ABB8 /* Entity */ = {
			isa = PBXGroup;
			children = (
				60020D33139E5F2A00D4A332 /* ApiParameter.h */,
				60020D34139E5F2A00D4A332 /* ApiParameter.m */,
				60E47ACD13A0514F00A674BB /* Provider.h */,
				60E47ACE13A0514F00A674BB /* Provider.m */,
				6099438013A1E22E007EA2C7 /* Api.h */,
				6099438113A1E22E007EA2C7 /* Api.m */,
			);
			path = Entity;
			sourceTree = "<group>";
		};
		60E552F91398B09F00D3A55E /* Facebook */ = {
			isa = PBXGroup;
			children = (
				60E552FB1398B14700D3A55E /* src */,
			);
			name = Facebook;
			path = Classes/External/Facebook;
			sourceTree = "<group>";
		};
		60E552FB1398B14700D3A55E /* src */ = {
			isa = PBXGroup;
			children = (
				60E552FC1398B14700D3A55E /* facebook-ios-sdk.xcodeproj */,
				60E552FF1398B14700D3A55E /* Facebook.h */,
				60E553001398B14700D3A55E /* Facebook.m */,
				60E553011398B14700D3A55E /* facebook_ios_sdk_Prefix.pch */,
				60E553021398B14700D3A55E /* FBConnect.h */,
				60E553031398B14700D3A55E /* FBDialog.bundle */,
				60E553041398B14700D3A55E /* FBDialog.h */,
				60E553051398B14700D3A55E /* FBDialog.m */,
				60E553061398B14700D3A55E /* FBLoginDialog.h */,
				60E553071398B14700D3A55E /* FBLoginDialog.m */,
				60E553081398B14700D3A55E /* FBRequest.h */,
				60E553091398B14700D3A55E /* FBRequest.m */,
				60E5530A1398B14700D3A55E /* JSON */,
			);
			path = src;
			sourceTree = "<group>";
		};
		60E552FD1398B14700D3A55E /* Products */ = {
			isa = PBXGroup;
			children = (
				60E553281398B14700D3A55E /* libfacebook_ios_sdk.a */,
			);
			name = Products;
			sourceTree = "<group>";
		};
		60E5530A1398B14700D3A55E /* JSON */ = {
			isa = PBXGroup;
			children = (
				60E5530B1398B14700D3A55E /* JSON.h */,
				60E5530C1398B14700D3A55E /* NSObject+SBJSON.h */,
				60E5530D1398B14700D3A55E /* NSObject+SBJSON.m */,
				60E5530E1398B14700D3A55E /* NSString+SBJSON.h */,
				60E5530F1398B14700D3A55E /* NSString+SBJSON.m */,
				60E553101398B14700D3A55E /* SBJSON.h */,
				60E553111398B14700D3A55E /* SBJSON.m */,
				60E553121398B14700D3A55E /* SBJsonBase.h */,
				60E553131398B14700D3A55E /* SBJsonBase.m */,
				60E553141398B14700D3A55E /* SBJsonParser.h */,
				60E553151398B14700D3A55E /* SBJsonParser.m */,
				60E553161398B14700D3A55E /* SBJsonWriter.h */,
				60E553171398B14700D3A55E /* SBJsonWriter.m */,
			);
			path = JSON;
			sourceTree = "<group>";
		};
		60F55E6F1397854600631D29 /* Tencent */ = {
			isa = PBXGroup;
			children = (
				60F55E711397858600631D29 /* ATTencentMutableURLRequest.h */,
				60F55E721397858600631D29 /* ATTencentMutableURLRequest.m */,
			);
			path = Tencent;
			sourceTree = "<group>";
		};
		60F967A5138B98BD009F7BCF = {
			isa = PBXGroup;
			children = (
				60F967BC138B98BD009F7BCF /* ApiTester */,
				60F967B3138B98BD009F7BCF /* Frameworks */,
				60F967B1138B98BD009F7BCF /* Products */,
			);
			sourceTree = "<group>";
		};
		60F967B1138B98BD009F7BCF /* Products */ = {
			isa = PBXGroup;
			children = (
				60F967B0138B98BD009F7BCF /* ApiTester.app */,
			);
			name = Products;
			sourceTree = "<group>";
		};
		60F967B3138B98BD009F7BCF /* Frameworks */ = {
			isa = PBXGroup;
			children = (
				6027C322138D415100486667 /* Security.framework */,
				60F967B4138B98BD009F7BCF /* UIKit.framework */,
				60F967B6138B98BD009F7BCF /* Foundation.framework */,
				60F967B8138B98BD009F7BCF /* CoreGraphics.framework */,
				60F967BA138B98BD009F7BCF /* CoreData.framework */,
			);
			name = Frameworks;
			sourceTree = "<group>";
		};
		60F967BC138B98BD009F7BCF /* ApiTester */ = {
			isa = PBXGroup;
			children = (
				60F967DC138BEACC009F7BCF /* Resources */,
				60F967DB138BEABC009F7BCF /* Classes */,
				60F967CB138B98BD009F7BCF /* ApiTester.xcdatamodeld */,
				60F967BD138B98BD009F7BCF /* Supporting Files */,
			);
			path = ApiTester;
			sourceTree = "<group>";
		};
		60F967BD138B98BD009F7BCF /* Supporting Files */ = {
			isa = PBXGroup;
			children = (
				60F967BE138B98BD009F7BCF /* ApiTester-Info.plist */,
				60F967BF138B98BD009F7BCF /* InfoPlist.strings */,
				60F967C2138B98BD009F7BCF /* ApiTester-Prefix.pch */,
				60F967C3138B98BD009F7BCF /* main.m */,
			);
			name = "Supporting Files";
			sourceTree = "<group>";
		};
		60F967DB138BEABC009F7BCF /* Classes */ = {
			isa = PBXGroup;
			children = (
				6027C2FD138CA3D800486667 /* Domain */,
				60F967E1138BEB58009F7BCF /* Utils */,
				60F967E0138BEB19009F7BCF /* View */,
				60F967DF138BEB0D009F7BCF /* Controller */,
				60F967DE138BEAFD009F7BCF /* External */,
				60F967DD138BEAED009F7BCF /* Extensions */,
			);
			name = Classes;
			sourceTree = "<group>";
		};
		60F967DC138BEACC009F7BCF /* Resources */ = {
			isa = PBXGroup;
			children = (
				60412F51139F842E00403376 /* ApiTester.sql */,
				60412F4F139F835300403376 /* ApiTester.sqlite */,
				60F967E3138BEBB0009F7BCF /* Images */,
				60F967E2138BEBA1009F7BCF /* IBFiles */,
			);
			path = Resources;
			sourceTree = "<group>";
		};
		60F967DD138BEAED009F7BCF /* Extensions */ = {
			isa = PBXGroup;
			children = (
			);
			name = Extensions;
			sourceTree = "<group>";
		};
		60F967DE138BEAFD009F7BCF /* External */ = {
			isa = PBXGroup;
			children = (
				60E552F91398B09F00D3A55E /* Facebook */,
				60030E96138E31A900692DDB /* OAuthConsumer */,
			);
			name = External;
			sourceTree = "<group>";
		};
		60F967DF138BEB0D009F7BCF /* Controller */ = {
			isa = PBXGroup;
			children = (
				60030EC6138E49C800692DDB /* ApiTesterAppDelegate.h */,
				60030EC7138E49C800692DDB /* ApiTesterAppDelegate.m */,
				60030EC8138E49C800692DDB /* ProviderViewController.h */,
				60030EC9138E49C800692DDB /* ProviderViewController.m */,
				601B3DDB1393917600FEFF49 /* AuthorizeWebViewController.h */,
				601B3DDC1393917600FEFF49 /* AuthorizeWebViewController.m */,
				601B3DE31393921D00FEFF49 /* ApiListViewController.h */,
				601B3DE41393921D00FEFF49 /* ApiListViewController.m */,
				60E5532A1398C5E700D3A55E /* AuthorizeGithubViewController.h */,
				60E5532B1398C5E700D3A55E /* AuthorizeGithubViewController.m */,
				60EA8D3113A710B500D997DF /* ApiViewController.h */,
				60EA8D3213A710B500D997DF /* ApiViewController.m */,
			);
			name = Controller;
			path = Classes/Controller;
			sourceTree = "<group>";
		};
		60F967E0138BEB19009F7BCF /* View */ = {
			isa = PBXGroup;
			children = (
				60EA8D2713A70D4200D997DF /* ApiParameterCell.h */,
				60EA8D2813A70D4200D997DF /* ApiParameterCell.m */,
				60EA8D3813A713FF00D997DF /* ApiResultCell.h */,
				60EA8D3913A713FF00D997DF /* ApiResultCell.m */,
			);
			name = View;
			path = Classes/View;
			sourceTree = "<group>";
		};
		60F967E1138BEB58009F7BCF /* Utils */ = {
			isa = PBXGroup;
			children = (
				60FE81921394891200241246 /* ATModalAlert.h */,
				60FE81931394891200241246 /* ATModalAlert.m */,
			);
			name = Utils;
			path = Classes/Utils;
			sourceTree = "<group>";
		};
		60F967E2138BEBA1009F7BCF /* IBFiles */ = {
			isa = PBXGroup;
			children = (
				60EA8D3613A7111500D997DF /* ApiViewController.xib */,
				60EA8D1D13A706E300D997DF /* ApiListViewController.xib */,
				60412F5C139FB7F200403376 /* AuthorizeGithubViewController.xib */,
				60412F5D139FB7F200403376 /* AuthorizeWebViewController.xib */,
				60412F5E139FB7F200403376 /* MainWindow.xib */,
				60F967F3138BF316009F7BCF /* Cells */,
			);
			name = IBFiles;
			path = Resources/IBFiles;
			sourceTree = "<group>";
		};
		60F967E3138BEBB0009F7BCF /* Images */ = {
			isa = PBXGroup;
			children = (
				607323FD13A5CC0D00536C11 /* JeansLiteCell.png */,
				60DE292813A5B586001E9D6D /* MetalLiteCell.png */,
				60DE292613A5B495001E9D6D /* JeansDarkCell.png */,
				60DE292413A5B242001E9D6D /* MetalDarkCell.png */,
				60412F6D139FB86100403376 /* twitter.png */,
				60412F6B139FB85800403376 /* facebook.png */,
				60412F63139FB83D00403376 /* linkedin.png */,
				60412F64139FB83D00403376 /* octocat.png */,
				60412F65139FB83D00403376 /* sina.png */,
				60412F66139FB83D00403376 /* tencent.png */,
				60F967E6138BEC02009F7BCF /* Backgrounds */,
				60F967E5138BEBF1009F7BCF /* Icons */,
				60F967E4138BEBDF009F7BCF /* Toolbar */,
			);
			name = Images;
			path = Resources/Images;
			sourceTree = "<group>";
		};
		60F967E4138BEBDF009F7BCF /* Toolbar */ = {
			isa = PBXGroup;
			children = (
			);
			name = Toolbar;
			sourceTree = "<group>";
		};
		60F967E5138BEBF1009F7BCF /* Icons */ = {
			isa = PBXGroup;
			children = (
			);
			name = Icons;
			sourceTree = "<group>";
		};
		60F967E6138BEC02009F7BCF /* Backgrounds */ = {
			isa = PBXGroup;
			children = (
			);
			name = Backgrounds;
			sourceTree = "<group>";
		};
		60F967F3138BF316009F7BCF /* Cells */ = {
			isa = PBXGroup;
			children = (
				60EA8D2C13A70E2600D997DF /* ApiParameterCell.xib */,
				60EA8D3B13A7142E00D997DF /* ApiResultCell.xib */,
			);
			name = Cells;
			path = ApiTester/Resources/IBFiles/Cells;
			sourceTree = "<group>";
		};
/* End PBXGroup section */

/* Begin PBXNativeTarget section */
		60F967AF138B98BD009F7BCF /* ApiTester */ = {
			isa = PBXNativeTarget;
			buildConfigurationList = 60F967D0138B98BD009F7BCF /* Build configuration list for PBXNativeTarget "ApiTester" */;
			buildPhases = (
				60F967AC138B98BD009F7BCF /* Sources */,
				60F967AD138B98BD009F7BCF /* Frameworks */,
				60F967AE138B98BD009F7BCF /* Resources */,
			);
			buildRules = (
			);
			dependencies = (
			);
			name = ApiTester;
			productName = ApiTester;
			productReference = 60F967B0138B98BD009F7BCF /* ApiTester.app */;
			productType = "com.apple.product-type.application";
		};
/* End PBXNativeTarget section */

/* Begin PBXProject section */
		60F967A7138B98BD009F7BCF /* Project object */ = {
			isa = PBXProject;
			attributes = {
				ORGANIZATIONNAME = None;
			};
			buildConfigurationList = 60F967AA138B98BD009F7BCF /* Build configuration list for PBXProject "ApiTester" */;
			compatibilityVersion = "Xcode 3.2";
			developmentRegion = English;
			hasScannedForEncodings = 0;
			knownRegions = (
				en,
			);
			mainGroup = 60F967A5138B98BD009F7BCF;
			productRefGroup = 60F967B1138B98BD009F7BCF /* Products */;
			projectDirPath = "";
			projectReferences = (
				{
					ProductGroup = 60E552FD1398B14700D3A55E /* Products */;
					ProjectRef = 60E552FC1398B14700D3A55E /* facebook-ios-sdk.xcodeproj */;
				},
			);
			projectRoot = "";
			targets = (
				60F967AF138B98BD009F7BCF /* ApiTester */,
			);
		};
/* End PBXProject section */

/* Begin PBXReferenceProxy section */
		60E553281398B14700D3A55E /* libfacebook_ios_sdk.a */ = {
			isa = PBXReferenceProxy;
			fileType = archive.ar;
			path = libfacebook_ios_sdk.a;
			remoteRef = 60E553271398B14700D3A55E /* PBXContainerItemProxy */;
			sourceTree = BUILT_PRODUCTS_DIR;
		};
/* End PBXReferenceProxy section */

/* Begin PBXResourcesBuildPhase section */
		60F967AE138B98BD009F7BCF /* Resources */ = {
			isa = PBXResourcesBuildPhase;
			buildActionMask = 2147483647;
			files = (
				60F967C1138B98BD009F7BCF /* InfoPlist.strings in Resources */,
				60E5531C1398B14700D3A55E /* FBDialog.bundle in Resources */,
				60412F50139F835300403376 /* ApiTester.sqlite in Resources */,
				60412F60139FB7F200403376 /* AuthorizeGithubViewController.xib in Resources */,
				60412F61139FB7F200403376 /* AuthorizeWebViewController.xib in Resources */,
				60412F62139FB7F200403376 /* MainWindow.xib in Resources */,
				60412F67139FB83D00403376 /* linkedin.png in Resources */,
				60412F68139FB83D00403376 /* octocat.png in Resources */,
				60412F69139FB83D00403376 /* sina.png in Resources */,
				60412F6A139FB83D00403376 /* tencent.png in Resources */,
				60412F6C139FB85800403376 /* facebook.png in Resources */,
				60412F6E139FB86100403376 /* twitter.png in Resources */,
				60DE292513A5B242001E9D6D /* MetalDarkCell.png in Resources */,
				60DE292713A5B495001E9D6D /* JeansDarkCell.png in Resources */,
				60DE292913A5B586001E9D6D /* MetalLiteCell.png in Resources */,
				607323FE13A5CC0D00536C11 /* JeansLiteCell.png in Resources */,
				60EA8D1E13A706E300D997DF /* ApiListViewController.xib in Resources */,
				60EA8D2D13A70E2600D997DF /* ApiParameterCell.xib in Resources */,
				60EA8D3713A7111500D997DF /* ApiViewController.xib in Resources */,
				60EA8D3C13A7142E00D997DF /* ApiResultCell.xib in Resources */,
			);
			runOnlyForDeploymentPostprocessing = 0;
		};
/* End PBXResourcesBuildPhase section */

/* Begin PBXSourcesBuildPhase section */
		60F967AC138B98BD009F7BCF /* Sources */ = {
			isa = PBXSourcesBuildPhase;
			buildActionMask = 2147483647;
			files = (
				60F967C4138B98BD009F7BCF /* main.m in Sources */,
				60F967CD138B98BD009F7BCF /* ApiTester.xcdatamodeld in Sources */,
				60030ECA138E49C800692DDB /* ApiTesterAppDelegate.m in Sources */,
				60030ECB138E49C800692DDB /* ProviderViewController.m in Sources */,
				60030EF2138E652100692DDB /* Base64Transcoder.c in Sources */,
				60030EF3138E652100692DDB /* NSMutableURLRequest+Parameters.m in Sources */,
				60030EF4138E652100692DDB /* NSString+URLEncoding.m in Sources */,
				60030EF5138E652100692DDB /* NSURL+Base.m in Sources */,
				60030EF6138E652100692DDB /* OAAsynchronousDataFetcher.m in Sources */,
				60030EF7138E652100692DDB /* OAConsumer.m in Sources */,
				60030EF8138E652100692DDB /* OADataFetcher.m in Sources */,
				60030EF9138E652100692DDB /* OAHMAC_SHA1SignatureProvider.m in Sources */,
				60030EFA138E652100692DDB /* OAMutableURLRequest.m in Sources */,
				60030EFB138E652100692DDB /* OAPlaintextSignatureProvider.m in Sources */,
				60030EFC138E652100692DDB /* OARequestParameter.m in Sources */,
				60030EFD138E652100692DDB /* OAServiceTicket.m in Sources */,
				60030EFE138E652100692DDB /* OAToken.m in Sources */,
				601B3DDE1393917600FEFF49 /* AuthorizeWebViewController.m in Sources */,
				601B3DE61393921D00FEFF49 /* ApiListViewController.m in Sources */,
				60FE81941394891200241246 /* ATModalAlert.m in Sources */,
				60F55E731397858600631D29 /* ATTencentMutableURLRequest.m in Sources */,
				60E5531B1398B14700D3A55E /* Facebook.m in Sources */,
				60E5531D1398B14700D3A55E /* FBDialog.m in Sources */,
				60E5531E1398B14700D3A55E /* FBLoginDialog.m in Sources */,
				60E5531F1398B14700D3A55E /* FBRequest.m in Sources */,
				60E553201398B14700D3A55E /* NSObject+SBJSON.m in Sources */,
				60E553211398B14700D3A55E /* NSString+SBJSON.m in Sources */,
				60E553221398B14700D3A55E /* SBJSON.m in Sources */,
				60E553231398B14700D3A55E /* SBJsonBase.m in Sources */,
				60E553241398B14700D3A55E /* SBJsonParser.m in Sources */,
				60E553251398B14700D3A55E /* SBJsonWriter.m in Sources */,
				60E5532D1398C5E700D3A55E /* AuthorizeGithubViewController.m in Sources */,
				60020D38139E5F2A00D4A332 /* ApiParameter.m in Sources */,
				60E47ACF13A0514F00A674BB /* Provider.m in Sources */,
				6099438213A1E22E007EA2C7 /* Api.m in Sources */,
				60EA8D2913A70D4200D997DF /* ApiParameterCell.m in Sources */,
				60EA8D3413A710B500D997DF /* ApiViewController.m in Sources */,
				60EA8D3A13A713FF00D997DF /* ApiResultCell.m in Sources */,
			);
			runOnlyForDeploymentPostprocessing = 0;
		};
/* End PBXSourcesBuildPhase section */

/* Begin PBXVariantGroup section */
		60F967BF138B98BD009F7BCF /* InfoPlist.strings */ = {
			isa = PBXVariantGroup;
			children = (
				60F967C0138B98BD009F7BCF /* en */,
			);
			name = InfoPlist.strings;
			sourceTree = "<group>";
		};
/* End PBXVariantGroup section */

/* Begin XCBuildConfiguration section */
		60F967CE138B98BD009F7BCF /* Debug */ = {
			isa = XCBuildConfiguration;
			buildSettings = {
				ARCHS = "$(ARCHS_STANDARD_32_BIT)";
				"CODE_SIGN_IDENTITY[sdk=iphoneos*]" = "iPhone Developer";
				GCC_C_LANGUAGE_STANDARD = gnu99;
				GCC_OPTIMIZATION_LEVEL = 0;
				GCC_PREPROCESSOR_DEFINITIONS = DEBUG;
				GCC_SYMBOLS_PRIVATE_EXTERN = NO;
				GCC_VERSION = com.apple.compilers.llvmgcc42;
				GCC_WARN_ABOUT_RETURN_TYPE = YES;
				GCC_WARN_UNUSED_VARIABLE = YES;
				IPHONEOS_DEPLOYMENT_TARGET = 4.3;
				SDKROOT = iphoneos;
			};
			name = Debug;
		};
		60F967CF138B98BD009F7BCF /* Release */ = {
			isa = XCBuildConfiguration;
			buildSettings = {
				ARCHS = "$(ARCHS_STANDARD_32_BIT)";
				"CODE_SIGN_IDENTITY[sdk=iphoneos*]" = "iPhone Developer";
				GCC_C_LANGUAGE_STANDARD = gnu99;
				GCC_VERSION = com.apple.compilers.llvmgcc42;
				GCC_WARN_ABOUT_RETURN_TYPE = YES;
				GCC_WARN_UNUSED_VARIABLE = YES;
				IPHONEOS_DEPLOYMENT_TARGET = 4.3;
				OTHER_CFLAGS = "-DNS_BLOCK_ASSERTIONS=1";
				SDKROOT = iphoneos;
			};
			name = Release;
		};
		60F967D1138B98BD009F7BCF /* Debug */ = {
			isa = XCBuildConfiguration;
			buildSettings = {
				ALWAYS_SEARCH_USER_PATHS = NO;
				COPY_PHASE_STRIP = NO;
				GCC_DYNAMIC_NO_PIC = NO;
				GCC_PRECOMPILE_PREFIX_HEADER = YES;
				GCC_PREFIX_HEADER = "ApiTester/ApiTester-Prefix.pch";
				"HEADER_SEARCH_PATHS[arch=*]" = ./ApiTester/Classes/External;
				INFOPLIST_FILE = "ApiTester/ApiTester-Info.plist";
				PRODUCT_NAME = "$(TARGET_NAME)";
				WRAPPER_EXTENSION = app;
			};
			name = Debug;
		};
		60F967D2138B98BD009F7BCF /* Release */ = {
			isa = XCBuildConfiguration;
			buildSettings = {
				ALWAYS_SEARCH_USER_PATHS = NO;
				COPY_PHASE_STRIP = YES;
				GCC_PRECOMPILE_PREFIX_HEADER = YES;
				GCC_PREFIX_HEADER = "ApiTester/ApiTester-Prefix.pch";
				"HEADER_SEARCH_PATHS[arch=*]" = ./ApiTester/Classes/External;
				INFOPLIST_FILE = "ApiTester/ApiTester-Info.plist";
				PRODUCT_NAME = "$(TARGET_NAME)";
				VALIDATE_PRODUCT = YES;
				WRAPPER_EXTENSION = app;
			};
			name = Release;
		};
/* End XCBuildConfiguration section */

/* Begin XCConfigurationList section */
		60F967AA138B98BD009F7BCF /* Build configuration list for PBXProject "ApiTester" */ = {
			isa = XCConfigurationList;
			buildConfigurations = (
				60F967CE138B98BD009F7BCF /* Debug */,
				60F967CF138B98BD009F7BCF /* Release */,
			);
			defaultConfigurationIsVisible = 0;
			defaultConfigurationName = Release;
		};
		60F967D0138B98BD009F7BCF /* Build configuration list for PBXNativeTarget "ApiTester" */ = {
			isa = XCConfigurationList;
			buildConfigurations = (
				60F967D1138B98BD009F7BCF /* Debug */,
				60F967D2138B98BD009F7BCF /* Release */,
			);
			defaultConfigurationIsVisible = 0;
			defaultConfigurationName = Release;
		};
/* End XCConfigurationList section */

/* Begin XCVersionGroup section */
		60F967CB138B98BD009F7BCF /* ApiTester.xcdatamodeld */ = {
			isa = XCVersionGroup;
			children = (
				60F967CC138B98BD009F7BCF /* ApiTester.xcdatamodel */,
			);
			currentVersion = 60F967CC138B98BD009F7BCF /* ApiTester.xcdatamodel */;
			path = ApiTester.xcdatamodeld;
			sourceTree = "<group>";
			versionGroupType = wrapper.xcdatamodel;
		};
/* End XCVersionGroup section */
	};
	rootObject = 60F967A7138B98BD009F7BCF /* Project object */;
}
